
Microsoft Visual Studio Solution File, Format Version 12.00
# Visual Studio Version 17
VisualStudioVersion = 17.5.33516.290
MinimumVisualStudioVersion = 10.0.40219.1
Project("{FAE04EC0-301F-11D3-BF4B-00C04F79EFBC}") = "Patrones", "Patrones\Patrones.csproj", "{84249EEC-E1A4-45A9-86B2-F9B0A48D0AF9}"
EndProject
Project("{FAE04EC0-301F-11D3-BF4B-00C04F79EFBC}") = "AbstractFactory", "AbstractFactory\AbstractFactory.csproj", "{214F3AA8-4459-478D-9B39-B5F229120466}"
EndProject
Project("{FAE04EC0-301F-11D3-BF4B-00C04F79EFBC}") = "FactoryMethod", "FactoryMethod\FactoryMethod.csproj", "{1E625EE7-A887-45F9-A72A-98A89D011C0E}"
EndProject
Project("{FAE04EC0-301F-11D3-BF4B-00C04F79EFBC}") = "Singleton", "Singleton\Singleton.csproj", "{DD797228-CC55-4E0E-81F0-4EB4CCEA042F}"
EndProject
Global
	GlobalSection(SolutionConfigurationPlatforms) = preSolution
		Debug|Any CPU = Debug|Any CPU
		Release|Any CPU = Release|Any CPU
	EndGlobalSection
	GlobalSection(ProjectConfigurationPlatforms) = postSolution
		{84249EEC-E1A4-45A9-86B2-F9B0A48D0AF9}.Debug|Any CPU.ActiveCfg = Debug|Any CPU
		{84249EEC-E1A4-45A9-86B2-F9B0A48D0AF9}.Debug|Any CPU.Build.0 = Debug|Any CPU
		{84249EEC-E1A4-45A9-86B2-F9B0A48D0AF9}.Release|Any CPU.ActiveCfg = Release|Any CPU
		{84249EEC-E1A4-45A9-86B2-F9B0A48D0AF9}.Release|Any CPU.Build.0 = Release|Any CPU
		{214F3AA8-4459-478D-9B39-B5F229120466}.Debug|Any CPU.ActiveCfg = Debug|Any CPU
		{214F3AA8-4459-478D-9B39-B5F229120466}.Debug|Any CPU.Build.0 = Debug|Any CPU
		{214F3AA8-4459-478D-9B39-B5F229120466}.Release|Any CPU.ActiveCfg = Release|Any CPU
		{214F3AA8-4459-478D-9B39-B5F229120466}.Release|Any CPU.Build.0 = Release|Any CPU
		{1E625EE7-A887-45F9-A72A-98A89D011C0E}.Debug|Any CPU.ActiveCfg = Debug|Any CPU
		{1E625EE7-A887-45F9-A72A-98A89D011C0E}.Debug|Any CPU.Build.0 = Debug|Any CPU
		{1E625EE7-A887-45F9-A72A-98A89D011C0E}.Release|Any CPU.ActiveCfg = Release|Any CPU
		{1E625EE7-A887-45F9-A72A-98A89D011C0E}.Release|Any CPU.Build.0 = Release|Any CPU
		{DD797228-CC55-4E0E-81F0-4EB4CCEA042F}.Debug|Any CPU.ActiveCfg = Debug|Any CPU
		{DD797228-CC55-4E0E-81F0-4EB4CCEA042F}.Debug|Any CPU.Build.0 = Debug|Any CPU
		{DD797228-CC55-4E0E-81F0-4EB4CCEA042F}.Release|Any CPU.ActiveCfg = Release|Any CPU
		{DD797228-CC55-4E0E-81F0-4EB4CCEA042F}.Release|Any CPU.Build.0 = Release|Any CPU
	EndGlobalSection
	GlobalSection(SolutionProperties) = preSolution
		HideSolutionNode = FALSE
	EndGlobalSection
	GlobalSection(ExtensibilityGlobals) = postSolution
		SolutionGuid = {60B6EEDC-6E55-4D7A-BA39-79AD1E4F54C8}
	EndGlobalSection
EndGlobal
