
Microsoft Visual Studio Solution File, Format Version 12.00
# Visual Studio Version 17
VisualStudioVersion = 17.5.33516.290
MinimumVisualStudioVersion = 10.0.40219.1
Project("{FAE04EC0-301F-11D3-BF4B-00C04F79EFBC}") = "AbstractFactory", "AbstractFactory\AbstractFactory.csproj", "{214F3AA8-4459-478D-9B39-B5F229120466}"
EndProject
Project("{FAE04EC0-301F-11D3-BF4B-00C04F79EFBC}") = "FactoryMethod", "FactoryMethod\FactoryMethod.csproj", "{1E625EE7-A887-45F9-A72A-98A89D011C0E}"
EndProject
Project("{FAE04EC0-301F-11D3-BF4B-00C04F79EFBC}") = "Singleton", "Singleton\Singleton.csproj", "{DD797228-CC55-4E0E-81F0-4EB4CCEA042F}"
EndProject
Project("{FAE04EC0-301F-11D3-BF4B-00C04F79EFBC}") = "Composite", "Composite\Composite.csproj", "{FE6D9A65-9403-4B19-A08D-E1599A5BDB2D}"
EndProject
Project("{FAE04EC0-301F-11D3-BF4B-00C04F79EFBC}") = "Observer", "Observer\Observer.csproj", "{EAE448B5-B8E2-4FA5-A7A8-385A452C35AE}"
EndProject
Project("{FAE04EC0-301F-11D3-BF4B-00C04F79EFBC}") = "Adapter", "Adapter\Adapter.csproj", "{764874FA-8DB4-4AA1-8BC5-5ED87F3DEBB0}"
EndProject
Project("{FAE04EC0-301F-11D3-BF4B-00C04F79EFBC}") = "Decorator", "Decorator\Decorator.csproj", "{20DFB489-42DF-4A91-9D3C-FC9DF2073A4A}"
EndProject
Project("{FAE04EC0-301F-11D3-BF4B-00C04F79EFBC}") = "Memento", "Memento\Memento.csproj", "{ABF34124-F80A-411C-BA94-1CC26E6C35B6}"
EndProject
Project("{FAE04EC0-301F-11D3-BF4B-00C04F79EFBC}") = "Interpreter", "Interpreter\Interpreter.csproj", "{A60A561D-5F2C-4F6F-9F7E-4FAC950DF596}"
EndProject
Project("{FAE04EC0-301F-11D3-BF4B-00C04F79EFBC}") = "Mediator", "Mediator\Mediator.csproj", "{348E63D2-8CC7-4252-9ACF-054BF95D2D1B}"
EndProject
Project("{FAE04EC0-301F-11D3-BF4B-00C04F79EFBC}") = "Iterator", "Iterator\Iterator.csproj", "{2429935C-1536-074D-10E0-9067F36CD5B9}"
EndProject
Project("{FAE04EC0-301F-11D3-BF4B-00C04F79EFBC}") = "Iterator min", "Iterator min\Iterator min.csproj", "{0F341355-ACD9-48FC-BD9B-2F6F8435C337}"
EndProject
Project("{FAE04EC0-301F-11D3-BF4B-00C04F79EFBC}") = "Prototipe", "Prototipe\Prototipe.csproj", "{0E98FD43-CEA0-48F5-8D4D-571245DD2D95}"
EndProject
Project("{FAE04EC0-301F-11D3-BF4B-00C04F79EFBC}") = "Builder", "Builder\Builder.csproj", "{9E15D7EE-A712-417E-B2C0-D88197F85CEB}"
EndProject
Project("{FAE04EC0-301F-11D3-BF4B-00C04F79EFBC}") = "Flyweight", "Flyweight\Flyweight.csproj", "{B1392346-DB46-42B4-9D17-E06036D616D9}"
EndProject
Global
	GlobalSection(SolutionConfigurationPlatforms) = preSolution
		Debug|Any CPU = Debug|Any CPU
		Release|Any CPU = Release|Any CPU
	EndGlobalSection
	GlobalSection(ProjectConfigurationPlatforms) = postSolution
		{214F3AA8-4459-478D-9B39-B5F229120466}.Debug|Any CPU.ActiveCfg = Debug|Any CPU
		{214F3AA8-4459-478D-9B39-B5F229120466}.Debug|Any CPU.Build.0 = Debug|Any CPU
		{214F3AA8-4459-478D-9B39-B5F229120466}.Release|Any CPU.ActiveCfg = Release|Any CPU
		{214F3AA8-4459-478D-9B39-B5F229120466}.Release|Any CPU.Build.0 = Release|Any CPU
		{1E625EE7-A887-45F9-A72A-98A89D011C0E}.Debug|Any CPU.ActiveCfg = Debug|Any CPU
		{1E625EE7-A887-45F9-A72A-98A89D011C0E}.Debug|Any CPU.Build.0 = Debug|Any CPU
		{1E625EE7-A887-45F9-A72A-98A89D011C0E}.Release|Any CPU.ActiveCfg = Release|Any CPU
		{1E625EE7-A887-45F9-A72A-98A89D011C0E}.Release|Any CPU.Build.0 = Release|Any CPU
		{DD797228-CC55-4E0E-81F0-4EB4CCEA042F}.Debug|Any CPU.ActiveCfg = Debug|Any CPU
		{DD797228-CC55-4E0E-81F0-4EB4CCEA042F}.Debug|Any CPU.Build.0 = Debug|Any CPU
		{DD797228-CC55-4E0E-81F0-4EB4CCEA042F}.Release|Any CPU.ActiveCfg = Release|Any CPU
		{DD797228-CC55-4E0E-81F0-4EB4CCEA042F}.Release|Any CPU.Build.0 = Release|Any CPU
		{FE6D9A65-9403-4B19-A08D-E1599A5BDB2D}.Debug|Any CPU.ActiveCfg = Debug|Any CPU
		{FE6D9A65-9403-4B19-A08D-E1599A5BDB2D}.Debug|Any CPU.Build.0 = Debug|Any CPU
		{FE6D9A65-9403-4B19-A08D-E1599A5BDB2D}.Release|Any CPU.ActiveCfg = Release|Any CPU
		{FE6D9A65-9403-4B19-A08D-E1599A5BDB2D}.Release|Any CPU.Build.0 = Release|Any CPU
		{EAE448B5-B8E2-4FA5-A7A8-385A452C35AE}.Debug|Any CPU.ActiveCfg = Debug|Any CPU
		{EAE448B5-B8E2-4FA5-A7A8-385A452C35AE}.Debug|Any CPU.Build.0 = Debug|Any CPU
		{EAE448B5-B8E2-4FA5-A7A8-385A452C35AE}.Release|Any CPU.ActiveCfg = Release|Any CPU
		{EAE448B5-B8E2-4FA5-A7A8-385A452C35AE}.Release|Any CPU.Build.0 = Release|Any CPU
		{764874FA-8DB4-4AA1-8BC5-5ED87F3DEBB0}.Debug|Any CPU.ActiveCfg = Debug|Any CPU
		{764874FA-8DB4-4AA1-8BC5-5ED87F3DEBB0}.Debug|Any CPU.Build.0 = Debug|Any CPU
		{764874FA-8DB4-4AA1-8BC5-5ED87F3DEBB0}.Release|Any CPU.ActiveCfg = Release|Any CPU
		{764874FA-8DB4-4AA1-8BC5-5ED87F3DEBB0}.Release|Any CPU.Build.0 = Release|Any CPU
		{20DFB489-42DF-4A91-9D3C-FC9DF2073A4A}.Debug|Any CPU.ActiveCfg = Debug|Any CPU
		{20DFB489-42DF-4A91-9D3C-FC9DF2073A4A}.Debug|Any CPU.Build.0 = Debug|Any CPU
		{20DFB489-42DF-4A91-9D3C-FC9DF2073A4A}.Release|Any CPU.ActiveCfg = Release|Any CPU
		{20DFB489-42DF-4A91-9D3C-FC9DF2073A4A}.Release|Any CPU.Build.0 = Release|Any CPU
		{ABF34124-F80A-411C-BA94-1CC26E6C35B6}.Debug|Any CPU.ActiveCfg = Debug|Any CPU
		{ABF34124-F80A-411C-BA94-1CC26E6C35B6}.Debug|Any CPU.Build.0 = Debug|Any CPU
		{ABF34124-F80A-411C-BA94-1CC26E6C35B6}.Release|Any CPU.ActiveCfg = Release|Any CPU
		{ABF34124-F80A-411C-BA94-1CC26E6C35B6}.Release|Any CPU.Build.0 = Release|Any CPU
		{A60A561D-5F2C-4F6F-9F7E-4FAC950DF596}.Debug|Any CPU.ActiveCfg = Debug|Any CPU
		{A60A561D-5F2C-4F6F-9F7E-4FAC950DF596}.Debug|Any CPU.Build.0 = Debug|Any CPU
		{A60A561D-5F2C-4F6F-9F7E-4FAC950DF596}.Release|Any CPU.ActiveCfg = Release|Any CPU
		{A60A561D-5F2C-4F6F-9F7E-4FAC950DF596}.Release|Any CPU.Build.0 = Release|Any CPU
		{348E63D2-8CC7-4252-9ACF-054BF95D2D1B}.Debug|Any CPU.ActiveCfg = Debug|Any CPU
		{348E63D2-8CC7-4252-9ACF-054BF95D2D1B}.Debug|Any CPU.Build.0 = Debug|Any CPU
		{348E63D2-8CC7-4252-9ACF-054BF95D2D1B}.Release|Any CPU.ActiveCfg = Release|Any CPU
		{348E63D2-8CC7-4252-9ACF-054BF95D2D1B}.Release|Any CPU.Build.0 = Release|Any CPU
		{2429935C-1536-074D-10E0-9067F36CD5B9}.Debug|Any CPU.ActiveCfg = Debug|Any CPU
		{2429935C-1536-074D-10E0-9067F36CD5B9}.Debug|Any CPU.Build.0 = Debug|Any CPU
		{2429935C-1536-074D-10E0-9067F36CD5B9}.Release|Any CPU.ActiveCfg = Release|Any CPU
		{2429935C-1536-074D-10E0-9067F36CD5B9}.Release|Any CPU.Build.0 = Release|Any CPU
		{0F341355-ACD9-48FC-BD9B-2F6F8435C337}.Debug|Any CPU.ActiveCfg = Debug|Any CPU
		{0F341355-ACD9-48FC-BD9B-2F6F8435C337}.Debug|Any CPU.Build.0 = Debug|Any CPU
		{0F341355-ACD9-48FC-BD9B-2F6F8435C337}.Release|Any CPU.ActiveCfg = Release|Any CPU
		{0F341355-ACD9-48FC-BD9B-2F6F8435C337}.Release|Any CPU.Build.0 = Release|Any CPU
		{0E98FD43-CEA0-48F5-8D4D-571245DD2D95}.Debug|Any CPU.ActiveCfg = Debug|Any CPU
		{0E98FD43-CEA0-48F5-8D4D-571245DD2D95}.Debug|Any CPU.Build.0 = Debug|Any CPU
		{0E98FD43-CEA0-48F5-8D4D-571245DD2D95}.Release|Any CPU.ActiveCfg = Release|Any CPU
		{0E98FD43-CEA0-48F5-8D4D-571245DD2D95}.Release|Any CPU.Build.0 = Release|Any CPU
		{9E15D7EE-A712-417E-B2C0-D88197F85CEB}.Debug|Any CPU.ActiveCfg = Debug|Any CPU
		{9E15D7EE-A712-417E-B2C0-D88197F85CEB}.Debug|Any CPU.Build.0 = Debug|Any CPU
		{9E15D7EE-A712-417E-B2C0-D88197F85CEB}.Release|Any CPU.ActiveCfg = Release|Any CPU
		{9E15D7EE-A712-417E-B2C0-D88197F85CEB}.Release|Any CPU.Build.0 = Release|Any CPU
		{B1392346-DB46-42B4-9D17-E06036D616D9}.Debug|Any CPU.ActiveCfg = Debug|Any CPU
		{B1392346-DB46-42B4-9D17-E06036D616D9}.Debug|Any CPU.Build.0 = Debug|Any CPU
		{B1392346-DB46-42B4-9D17-E06036D616D9}.Release|Any CPU.ActiveCfg = Release|Any CPU
		{B1392346-DB46-42B4-9D17-E06036D616D9}.Release|Any CPU.Build.0 = Release|Any CPU
	EndGlobalSection
	GlobalSection(SolutionProperties) = preSolution
		HideSolutionNode = FALSE
	EndGlobalSection
	GlobalSection(ExtensibilityGlobals) = postSolution
		SolutionGuid = {60B6EEDC-6E55-4D7A-BA39-79AD1E4F54C8}
	EndGlobalSection
EndGlobal
